
Microsoft Visual Studio Solution File, Format Version 12.00
# Visual Studio Version 16
VisualStudioVersion = 16.0.31205.134
MinimumVisualStudioVersion = 10.0.40219.1
Project("{FAE04EC0-301F-11D3-BF4B-00C04F79EFBC}") = "Книги", "Книги\Книги.csproj", "{771DFFD7-478E-445C-A8D1-8DA7644400D8}"
EndProject
Global
	GlobalSection(SolutionConfigurationPlatforms) = preSolution
		Debug|Any CPU = Debug|Any CPU
		Release|Any CPU = Release|Any CPU
	EndGlobalSection
	GlobalSection(ProjectConfigurationPlatforms) = postSolution
		{771DFFD7-478E-445C-A8D1-8DA7644400D8}.Debug|Any CPU.ActiveCfg = Debug|Any CPU
		{771DFFD7-478E-445C-A8D1-8DA7644400D8}.Debug|Any CPU.Build.0 = Debug|Any CPU
		{771DFFD7-478E-445C-A8D1-8DA7644400D8}.Release|Any CPU.ActiveCfg = Release|Any CPU
		{771DFFD7-478E-445C-A8D1-8DA7644400D8}.Release|Any CPU.Build.0 = Release|Any CPU
	EndGlobalSection
	GlobalSection(SolutionProperties) = preSolution
		HideSolutionNode = FALSE
	EndGlobalSection
	GlobalSection(ExtensibilityGlobals) = postSolution
		SolutionGuid = {D543B6D0-EBA0-43EF-BE0D-2672A250E394}
	EndGlobalSection
EndGlobal
